// !$*UTF8*$!
{
	archiveVersion = 1;
	classes = {
	};
	objectVersion = 46;
	objects = {

/* Begin PBXBuildFile section */
		42107C091E9D12A3004A3E25 /* AppDelegate.swift in Sources */ = {isa = PBXBuildFile; fileRef = 42107C081E9D12A3004A3E25 /* AppDelegate.swift */; };
		42107C0B1E9D12A3004A3E25 /* ViewController.swift in Sources */ = {isa = PBXBuildFile; fileRef = 42107C0A1E9D12A3004A3E25 /* ViewController.swift */; };
		42107C0E1E9D12A3004A3E25 /* Main.storyboard in Resources */ = {isa = PBXBuildFile; fileRef = 42107C0C1E9D12A3004A3E25 /* Main.storyboard */; };
		42107C101E9D12A3004A3E25 /* Assets.xcassets in Resources */ = {isa = PBXBuildFile; fileRef = 42107C0F1E9D12A3004A3E25 /* Assets.xcassets */; };
		42107C131E9D12A3004A3E25 /* LaunchScreen.storyboard in Resources */ = {isa = PBXBuildFile; fileRef = 42107C111E9D12A3004A3E25 /* LaunchScreen.storyboard */; };
		42D044041EB498720016D644 /* SecondViewController.swift in Sources */ = {isa = PBXBuildFile; fileRef = 42D044021EB498720016D644 /* SecondViewController.swift */; };
		42D044051EB498720016D644 /* SecondViewController.xib in Resources */ = {isa = PBXBuildFile; fileRef = 42D044031EB498720016D644 /* SecondViewController.xib */; };
		42D044071EB4BFAD0016D644 /* ThirdViewController.swift in Sources */ = {isa = PBXBuildFile; fileRef = 42D044061EB4BFAD0016D644 /* ThirdViewController.swift */; };
		42D044091EB4C0A90016D644 /* ThirdViewControllerExtension.swift in Sources */ = {isa = PBXBuildFile; fileRef = 42D044081EB4C0A90016D644 /* ThirdViewControllerExtension.swift */; };
		42D0440B1EB4C5930016D644 /* GalleryViewController.swift in Sources */ = {isa = PBXBuildFile; fileRef = 42D0440A1EB4C5930016D644 /* GalleryViewController.swift */; };
		42D0440D1EB58FCA0016D644 /* TodoModel.swift in Sources */ = {isa = PBXBuildFile; fileRef = 42D0440C1EB58FCA0016D644 /* TodoModel.swift */; };
		42D0440F1EB5B7420016D644 /* TableViewTestController.swift in Sources */ = {isa = PBXBuildFile; fileRef = 42D0440E1EB5B7420016D644 /* TableViewTestController.swift */; };
		42D044171EB5DD010016D644 /* DetailViewController.swift in Sources */ = {isa = PBXBuildFile; fileRef = 42D044161EB5DD010016D644 /* DetailViewController.swift */; };
/* End PBXBuildFile section */

/* Begin PBXFileReference section */
		42107C051E9D12A3004A3E25 /* wang.app */ = {isa = PBXFileReference; explicitFileType = wrapper.application; includeInIndex = 0; path = wang.app; sourceTree = BUILT_PRODUCTS_DIR; };
		42107C081E9D12A3004A3E25 /* AppDelegate.swift */ = {isa = PBXFileReference; lastKnownFileType = sourcecode.swift; path = AppDelegate.swift; sourceTree = "<group>"; };
		42107C0A1E9D12A3004A3E25 /* ViewController.swift */ = {isa = PBXFileReference; lastKnownFileType = sourcecode.swift; path = ViewController.swift; sourceTree = "<group>"; };
		42107C0D1E9D12A3004A3E25 /* Base */ = {isa = PBXFileReference; lastKnownFileType = file.storyboard; name = Base; path = Base.lproj/Main.storyboard; sourceTree = "<group>"; };
		42107C0F1E9D12A3004A3E25 /* Assets.xcassets */ = {isa = PBXFileReference; lastKnownFileType = folder.assetcatalog; path = Assets.xcassets; sourceTree = "<group>"; };
		42107C121E9D12A3004A3E25 /* Base */ = {isa = PBXFileReference; lastKnownFileType = file.storyboard; name = Base; path = Base.lproj/LaunchScreen.storyboard; sourceTree = "<group>"; };
		42107C141E9D12A3004A3E25 /* Info.plist */ = {isa = PBXFileReference; lastKnownFileType = text.plist.xml; path = Info.plist; sourceTree = "<group>"; };
		42D043FF1EB395B70016D644 /* MyPlayground.playground */ = {isa = PBXFileReference; lastKnownFileType = file.playground; path = MyPlayground.playground; sourceTree = "<group>"; };
		42D044021EB498720016D644 /* SecondViewController.swift */ = {isa = PBXFileReference; fileEncoding = 4; lastKnownFileType = sourcecode.swift; path = SecondViewController.swift; sourceTree = "<group>"; };
		42D044031EB498720016D644 /* SecondViewController.xib */ = {isa = PBXFileReference; fileEncoding = 4; lastKnownFileType = file.xib; path = SecondViewController.xib; sourceTree = "<group>"; };
		42D044061EB4BFAD0016D644 /* ThirdViewController.swift */ = {isa = PBXFileReference; fileEncoding = 4; lastKnownFileType = sourcecode.swift; path = ThirdViewController.swift; sourceTree = "<group>"; };
		42D044081EB4C0A90016D644 /* ThirdViewControllerExtension.swift */ = {isa = PBXFileReference; fileEncoding = 4; lastKnownFileType = sourcecode.swift; path = ThirdViewControllerExtension.swift; sourceTree = "<group>"; };
		42D0440A1EB4C5930016D644 /* GalleryViewController.swift */ = {isa = PBXFileReference; fileEncoding = 4; lastKnownFileType = sourcecode.swift; path = GalleryViewController.swift; sourceTree = "<group>"; };
		42D0440C1EB58FCA0016D644 /* TodoModel.swift */ = {isa = PBXFileReference; fileEncoding = 4; lastKnownFileType = sourcecode.swift; path = TodoModel.swift; sourceTree = "<group>"; };
		42D0440E1EB5B7420016D644 /* TableViewTestController.swift */ = {isa = PBXFileReference; fileEncoding = 4; lastKnownFileType = sourcecode.swift; path = TableViewTestController.swift; sourceTree = "<group>"; };
		42D044161EB5DD010016D644 /* DetailViewController.swift */ = {isa = PBXFileReference; fileEncoding = 4; lastKnownFileType = sourcecode.swift; path = DetailViewController.swift; sourceTree = "<group>"; };
/* End PBXFileReference section */

/* Begin PBXFrameworksBuildPhase section */
		42107C021E9D12A3004A3E25 /* Frameworks */ = {
			isa = PBXFrameworksBuildPhase;
			buildActionMask = 2147483647;
			files = (
			);
			runOnlyForDeploymentPostprocessing = 0;
		};
/* End PBXFrameworksBuildPhase section */

/* Begin PBXGroup section */
		42107BFC1E9D12A3004A3E25 = {
			isa = PBXGroup;
			children = (
				42107C071E9D12A3004A3E25 /* wang */,
				42107C061E9D12A3004A3E25 /* Products */,
			);
			sourceTree = "<group>";
		};
		42107C061E9D12A3004A3E25 /* Products */ = {
			isa = PBXGroup;
			children = (
				42107C051E9D12A3004A3E25 /* wang.app */,
			);
			name = Products;
			sourceTree = "<group>";
		};
		42107C071E9D12A3004A3E25 /* wang */ = {
			isa = PBXGroup;
			children = (
				42107C081E9D12A3004A3E25 /* AppDelegate.swift */,
				42107C0A1E9D12A3004A3E25 /* ViewController.swift */,
				42107C0C1E9D12A3004A3E25 /* Main.storyboard */,
				42107C0F1E9D12A3004A3E25 /* Assets.xcassets */,
				42107C111E9D12A3004A3E25 /* LaunchScreen.storyboard */,
				42107C141E9D12A3004A3E25 /* Info.plist */,
				42D043FF1EB395B70016D644 /* MyPlayground.playground */,
				42D044021EB498720016D644 /* SecondViewController.swift */,
				42D044031EB498720016D644 /* SecondViewController.xib */,
				42D044061EB4BFAD0016D644 /* ThirdViewController.swift */,
				42D044081EB4C0A90016D644 /* ThirdViewControllerExtension.swift */,
				42D0440A1EB4C5930016D644 /* GalleryViewController.swift */,
				42D0440C1EB58FCA0016D644 /* TodoModel.swift */,
				42D0440E1EB5B7420016D644 /* TableViewTestController.swift */,
				42D044161EB5DD010016D644 /* DetailViewController.swift */,
			);
			path = wang;
			sourceTree = "<group>";
		};
/* End PBXGroup section */

/* Begin PBXNativeTarget section */
		42107C041E9D12A3004A3E25 /* wang */ = {
			isa = PBXNativeTarget;
			buildConfigurationList = 42107C171E9D12A3004A3E25 /* Build configuration list for PBXNativeTarget "wang" */;
			buildPhases = (
				42107C011E9D12A3004A3E25 /* Sources */,
				42107C021E9D12A3004A3E25 /* Frameworks */,
				42107C031E9D12A3004A3E25 /* Resources */,
			);
			buildRules = (
			);
			dependencies = (
			);
			name = wang;
			productName = wang;
			productReference = 42107C051E9D12A3004A3E25 /* wang.app */;
			productType = "com.apple.product-type.application";
		};
/* End PBXNativeTarget section */

/* Begin PBXProject section */
		42107BFD1E9D12A3004A3E25 /* Project object */ = {
			isa = PBXProject;
			attributes = {
				LastSwiftUpdateCheck = 0830;
				LastUpgradeCheck = 0830;
				ORGANIZATIONNAME = lookstar;
				TargetAttributes = {
					42107C041E9D12A3004A3E25 = {
						CreatedOnToolsVersion = 8.3.1;
						DevelopmentTeam = U8KLAE83M8;
						ProvisioningStyle = Automatic;
					};
				};
			};
			buildConfigurationList = 42107C001E9D12A3004A3E25 /* Build configuration list for PBXProject "wang" */;
			compatibilityVersion = "Xcode 3.2";
			developmentRegion = English;
			hasScannedForEncodings = 0;
			knownRegions = (
				en,
				Base,
			);
			mainGroup = 42107BFC1E9D12A3004A3E25;
			productRefGroup = 42107C061E9D12A3004A3E25 /* Products */;
			projectDirPath = "";
			projectRoot = "";
			targets = (
				42107C041E9D12A3004A3E25 /* wang */,
			);
		};
/* End PBXProject section */

/* Begin PBXResourcesBuildPhase section */
		42107C031E9D12A3004A3E25 /* Resources */ = {
			isa = PBXResourcesBuildPhase;
			buildActionMask = 2147483647;
			files = (
				42D044051EB498720016D644 /* SecondViewController.xib in Resources */,
				42107C131E9D12A3004A3E25 /* LaunchScreen.storyboard in Resources */,
				42107C101E9D12A3004A3E25 /* Assets.xcassets in Resources */,
				42107C0E1E9D12A3004A3E25 /* Main.storyboard in Resources */,
			);
			runOnlyForDeploymentPostprocessing = 0;
		};
/* End PBXResourcesBuildPhase section */

/* Begin PBXSourcesBuildPhase section */
		42107C011E9D12A3004A3E25 /* Sources */ = {
			isa = PBXSourcesBuildPhase;
			buildActionMask = 2147483647;
			files = (
				42D044171EB5DD010016D644 /* DetailViewController.swift in Sources */,
				42D044041EB498720016D644 /* SecondViewController.swift in Sources */,
				42107C0B1E9D12A3004A3E25 /* ViewController.swift in Sources */,
				42D044091EB4C0A90016D644 /* ThirdViewControllerExtension.swift in Sources */,
				42D0440B1EB4C5930016D644 /* GalleryViewController.swift in Sources */,
				42D0440F1EB5B7420016D644 /* TableViewTestController.swift in Sources */,
				42D044071EB4BFAD0016D644 /* ThirdViewController.swift in Sources */,
				42D0440D1EB58FCA0016D644 /* TodoModel.swift in Sources */,
				42107C091E9D12A3004A3E25 /* AppDelegate.swift in Sources */,
			);
			runOnlyForDeploymentPostprocessing = 0;
		};
/* End PBXSourcesBuildPhase section */

/* Begin PBXVariantGroup section */
		42107C0C1E9D12A3004A3E25 /* Main.storyboard */ = {
			isa = PBXVariantGroup;
			children = (
				42107C0D1E9D12A3004A3E25 /* Base */,
			);
			name = Main.storyboard;
			sourceTree = "<group>";
		};
		42107C111E9D12A3004A3E25 /* LaunchScreen.storyboard */ = {
			isa = PBXVariantGroup;
			children = (
				42107C121E9D12A3004A3E25 /* Base */,
			);
			name = LaunchScreen.storyboard;
			sourceTree = "<group>";
		};
/* End PBXVariantGroup section */

/* Begin XCBuildConfiguration section */
		42107C151E9D12A3004A3E25 /* Debug */ = {
			isa = XCBuildConfiguration;
			buildSettings = {
				ALWAYS_SEARCH_USER_PATHS = NO;
				CLANG_ANALYZER_NONNULL = YES;
				CLANG_ANALYZER_NUMBER_OBJECT_CONVERSION = YES_AGGRESSIVE;
				CLANG_CXX_LANGUAGE_STANDARD = "gnu++0x";
				CLANG_CXX_LIBRARY = "libc++";
				CLANG_ENABLE_MODULES = YES;
				CLANG_ENABLE_OBJC_ARC = YES;
				CLANG_WARN_BOOL_CONVERSION = YES;
				CLANG_WARN_CONSTANT_CONVERSION = YES;
				CLANG_WARN_DIRECT_OBJC_ISA_USAGE = YES_ERROR;
				CLANG_WARN_DOCUMENTATION_COMMENTS = YES;
				CLANG_WARN_EMPTY_BODY = YES;
				CLANG_WARN_ENUM_CONVERSION = YES;
				CLANG_WARN_INFINITE_RECURSION = YES;
				CLANG_WARN_INT_CONVERSION = YES;
				CLANG_WARN_OBJC_ROOT_CLASS = YES_ERROR;
				CLANG_WARN_SUSPICIOUS_MOVE = YES;
				CLANG_WARN_UNREACHABLE_CODE = YES;
				CLANG_WARN__DUPLICATE_METHOD_MATCH = YES;
				"CODE_SIGN_IDENTITY[sdk=iphoneos*]" = "iPhone Developer";
				COPY_PHASE_STRIP = NO;
				DEBUG_INFORMATION_FORMAT = dwarf;
				ENABLE_STRICT_OBJC_MSGSEND = YES;
				ENABLE_TESTABILITY = YES;
				GCC_C_LANGUAGE_STANDARD = gnu99;
				GCC_DYNAMIC_NO_PIC = NO;
				GCC_NO_COMMON_BLOCKS = YES;
				GCC_OPTIMIZATION_LEVEL = 0;
				GCC_PREPROCESSOR_DEFINITIONS = (
					"DEBUG=1",
					"$(inherited)",
				);
				GCC_WARN_64_TO_32_BIT_CONVERSION = YES;
				GCC_WARN_ABOUT_RETURN_TYPE = YES_ERROR;
				GCC_WARN_UNDECLARED_SELECTOR = YES;
				GCC_WARN_UNINITIALIZED_AUTOS = YES_AGGRESSIVE;
				GCC_WARN_UNUSED_FUNCTION = YES;
				GCC_WARN_UNUSED_VARIABLE = YES;
				IPHONEOS_DEPLOYMENT_TARGET = 10.3;
				MTL_ENABLE_DEBUG_INFO = YES;
				ONLY_ACTIVE_ARCH = YES;
				SDKROOT = iphoneos;
				SWIFT_ACTIVE_COMPILATION_CONDITIONS = DEBUG;
				SWIFT_OPTIMIZATION_LEVEL = "-Onone";
			};
			name = Debug;
		};
		42107C161E9D12A3004A3E25 /* Release */ = {
			isa = XCBuildConfiguration;
			buildSettings = {
				ALWAYS_SEARCH_USER_PATHS = NO;
				CLANG_ANALYZER_NONNULL = YES;
				CLANG_ANALYZER_NUMBER_OBJECT_CONVERSION = YES_AGGRESSIVE;
				CLANG_CXX_LANGUAGE_STANDARD = "gnu++0x";
				CLANG_CXX_LIBRARY = "libc++";
				CLANG_ENABLE_MODULES = YES;
				CLANG_ENABLE_OBJC_ARC = YES;
				CLANG_WARN_BOOL_CONVERSION = YES;
				CLANG_WARN_CONSTANT_CONVERSION = YES;
				CLANG_WARN_DIRECT_OBJC_ISA_USAGE = YES_ERROR;
				CLANG_WARN_DOCUMENTATION_COMMENTS = YES;
				CLANG_WARN_EMPTY_BODY = YES;
				CLANG_WARN_ENUM_CONVERSION = YES;
				CLANG_WARN_INFINITE_RECURSION = YES;
				CLANG_WARN_INT_CONVERSION = YES;
				CLANG_WARN_OBJC_ROOT_CLASS = YES_ERROR;
				CLANG_WARN_SUSPICIOUS_MOVE = YES;
				CLANG_WARN_UNREACHABLE_CODE = YES;
				CLANG_WARN__DUPLICATE_METHOD_MATCH = YES;
				"CODE_SIGN_IDENTITY[sdk=iphoneos*]" = "iPhone Developer";
				COPY_PHASE_STRIP = NO;
				DEBUG_INFORMATION_FORMAT = "dwarf-with-dsym";
				ENABLE_NS_ASSERTIONS = NO;
				ENABLE_STRICT_OBJC_MSGSEND = YES;
				GCC_C_LANGUAGE_STANDARD = gnu99;
				GCC_NO_COMMON_BLOCKS = YES;
				GCC_WARN_64_TO_32_BIT_CONVERSION = YES;
				GCC_WARN_ABOUT_RETURN_TYPE = YES_ERROR;
				GCC_WARN_UNDECLARED_SELECTOR = YES;
				GCC_WARN_UNINITIALIZED_AUTOS = YES_AGGRESSIVE;
				GCC_WARN_UNUSED_FUNCTION = YES;
				GCC_WARN_UNUSED_VARIABLE = YES;
				IPHONEOS_DEPLOYMENT_TARGET = 10.3;
				MTL_ENABLE_DEBUG_INFO = NO;
				SDKROOT = iphoneos;
				SWIFT_OPTIMIZATION_LEVEL = "-Owholemodule";
				VALIDATE_PRODUCT = YES;
			};
			name = Release;
		};
		42107C181E9D12A3004A3E25 /* Debug */ = {
			isa = XCBuildConfiguration;
			buildSettings = {
				ASSETCATALOG_COMPILER_APPICON_NAME = AppIcon;
				DEVELOPMENT_TEAM = U8KLAE83M8;
				INFOPLIST_FILE = wang/Info.plist;
				LD_RUNPATH_SEARCH_PATHS = "$(inherited) @executable_path/Frameworks";
				PRODUCT_BUNDLE_IDENTIFIER = com.avic.wang;
				PRODUCT_NAME = "$(TARGET_NAME)";
				SWIFT_VERSION = 3.0;
			};
			name = Debug;
		};
		42107C191E9D12A3004A3E25 /* Release */ = {
			isa = XCBuildConfiguration;
			buildSettings = {
				ASSETCATALOG_COMPILER_APPICON_NAME = AppIcon;
				DEVELOPMENT_TEAM = U8KLAE83M8;
				INFOPLIST_FILE = wang/Info.plist;
				LD_RUNPATH_SEARCH_PATHS = "$(inherited) @executable_path/Frameworks";
				PRODUCT_BUNDLE_IDENTIFIER = com.avic.wang;
				PRODUCT_NAME = "$(TARGET_NAME)";
				SWIFT_VERSION = 3.0;
			};
			name = Release;
		};
/* End XCBuildConfiguration section */

/* Begin XCConfigurationList section */
		42107C001E9D12A3004A3E25 /* Build configuration list for PBXProject "wang" */ = {
			isa = XCConfigurationList;
			buildConfigurations = (
				42107C151E9D12A3004A3E25 /* Debug */,
				42107C161E9D12A3004A3E25 /* Release */,
			);
			defaultConfigurationIsVisible = 0;
			defaultConfigurationName = Release;
		};
		42107C171E9D12A3004A3E25 /* Build configuration list for PBXNativeTarget "wang" */ = {
			isa = XCConfigurationList;
			buildConfigurations = (
				42107C181E9D12A3004A3E25 /* Debug */,
				42107C191E9D12A3004A3E25 /* Release */,
			);
			defaultConfigurationIsVisible = 0;
			defaultConfigurationName = Release;
		};
/* End XCConfigurationList section */
	};
	rootObject = 42107BFD1E9D12A3004A3E25 /* Project object */;
}
